
Microsoft Visual Studio Solution File, Format Version 12.00
# Visual Studio Version 16
VisualStudioVersion = 16.0.29025.244
MinimumVisualStudioVersion = 10.0.40219.1
Project("{FAE04EC0-301F-11D3-BF4B-00C04F79EFBC}") = "GraphSearchApi", "GraphSearchApi.csproj", "{21ADABA2-035C-418F-80F2-B244526A853F}"
EndProject
Global
	GlobalSection(SolutionConfigurationPlatforms) = preSolution
		Debug|Any CPU = Debug|Any CPU
		Release|Any CPU = Release|Any CPU
	EndGlobalSection
	GlobalSection(ProjectConfigurationPlatforms) = postSolution
		{21ADABA2-035C-418F-80F2-B244526A853F}.Debug|Any CPU.ActiveCfg = Debug|Any CPU
		{21ADABA2-035C-418F-80F2-B244526A853F}.Debug|Any CPU.Build.0 = Debug|Any CPU
		{21ADABA2-035C-418F-80F2-B244526A853F}.Release|Any CPU.ActiveCfg = Release|Any CPU
		{21ADABA2-035C-418F-80F2-B244526A853F}.Release|Any CPU.Build.0 = Release|Any CPU
	EndGlobalSection
	GlobalSection(SolutionProperties) = preSolution
		HideSolutionNode = FALSE
	EndGlobalSection
	GlobalSection(ExtensibilityGlobals) = postSolution
		SolutionGuid = {22E7F24E-50DC-452C-806E-236E4AC0FBE4}
	EndGlobalSection
EndGlobal
